# @generated - this file is auto-generated by `mise lock` https://mise.jdx.dev/dev-tools/mise-lock.html

[[tools.clickhouse]]
version = "26.7.3.19-stable"
backend = "vfox:mise-plugins/vfox-clickhouse"

[tools.clickhouse."platforms.macos-arm64"]
url = "https://github.com/ClickHouse/ClickHouse/releases/download/v26.7.3.19-stable/clickhouse-macos-aarch64"

[[tools.postgres]]
version = "18.6"
backend = "vfox:mise-plugins/vfox-postgres"

[tools.postgres."platforms.macos-arm64"]
url = "https://ftp.postgresql.org/pub/source/v18.6/postgresql-18.6.tar.gz"

[[tools.redis]]
version = "8.10.0"
backend = "vfox:mise-plugins/vfox-redis"

[tools.redis."platforms.macos-arm64"]
url = "https://download.redis.io/releases/redis-8.10.0.tar.gz"
